<?xml version="1.0" encoding="utf-8"?>
<Project ToolsVersion="4.0" xmlns="http://schemas.microsoft.com/developer/msbuild/2003">
  <ItemGroup>
    <Filter Include="소스 파일">
      <UniqueIdentifier>{4FC737F1-C7A5-4376-A066-2A32D752A2FF}</UniqueIdentifier>
      <Extensions>cpp;c;cc;cxx;def;odl;idl;hpj;bat;asm;asmx</Extensions>
    </Filter>
    <Filter Include="헤더 파일">
      <UniqueIdentifier>{93995380-89BD-4b04-88EB-625FBE52EBFB}</UniqueIdentifier>
      <Extensions>h;hh;hpp;hxx;hm;inl;inc;xsd</Extensions>
    </Filter>
    <Filter Include="리소스 파일">
      <UniqueIdentifier>{67DA6AB6-F800-4c08-8B7A-83BB121AAD01}</UniqueIdentifier>
      <Extensions>rc;ico;cur;bmp;dlg;rc2;rct;bin;rgs;gif;jpg;jpeg;jpe;resx;tiff;tif;png;wav;mfcribbon-ms</Extensions>
    </Filter>
    <Filter Include="헤더 파일\namespaces">
      <UniqueIdentifier>{5fbccae0-8a41-41a9-bce5-d676dc707340}</UniqueIdentifier>
    </Filter>
    <Filter Include="헤더 파일\components">
      <UniqueIdentifier>{dde15dcc-1c21-480c-874f-0e8f6610fa33}</UniqueIdentifier>
    </Filter>
    <Filter Include="헤더 파일\frameworks">
      <UniqueIdentifier>{6ba6c430-a25a-4423-b76c-216f204a91c7}</UniqueIdentifier>
    </Filter>
    <Filter Include="헤더 파일\etc">
      <UniqueIdentifier>{6873fad9-f9bb-461f-a4de-1898b9646d43}</UniqueIdentifier>
    </Filter>
    <Filter Include="헤더 파일\pattern">
      <UniqueIdentifier>{8ce400a4-3ba7-409a-9f98-4749566f885c}</UniqueIdentifier>
    </Filter>
    <Filter Include="헤더 파일\controls">
      <UniqueIdentifier>{c0c29410-8450-49bc-aa9a-98854aa2e2fa}</UniqueIdentifier>
    </Filter>
    <Filter Include="헤더 파일\mathematics">
      <UniqueIdentifier>{ffe63c5b-7132-44c0-915b-fd556956cfc1}</UniqueIdentifier>
    </Filter>
    <Filter Include="소스 파일\mathematics">
      <UniqueIdentifier>{3f5891a0-1356-4470-a150-f339efcd5d34}</UniqueIdentifier>
    </Filter>
    <Filter Include="소스 파일\components">
      <UniqueIdentifier>{48cda983-6494-413f-a6a1-ac4311664fed}</UniqueIdentifier>
    </Filter>
    <Filter Include="소스 파일\frameworks">
      <UniqueIdentifier>{8c53b165-9725-4810-97b0-def9e945d5a0}</UniqueIdentifier>
    </Filter>
    <Filter Include="소스 파일\controls">
      <UniqueIdentifier>{6c774193-4c1a-47d6-9be6-71875f703eb3}</UniqueIdentifier>
    </Filter>
    <Filter Include="소스 파일\dx9_game_engine">
      <UniqueIdentifier>{8fc8de67-437e-4259-aaa8-e0dd7c5313d5}</UniqueIdentifier>
    </Filter>
    <Filter Include="헤더 파일\dx9_game_engine">
      <UniqueIdentifier>{be02238c-c66e-4f3b-ab0f-24dad9ae035c}</UniqueIdentifier>
    </Filter>
  </ItemGroup>
  <ItemGroup>
    <ClInclude Include="components.h">
      <Filter>헤더 파일\namespaces</Filter>
    </ClInclude>
    <ClInclude Include="controls.h">
      <Filter>헤더 파일\namespaces</Filter>
    </ClInclude>
    <ClInclude Include="frameworks.h">
      <Filter>헤더 파일\namespaces</Filter>
    </ClInclude>
    <ClInclude Include="patterns.h">
      <Filter>헤더 파일\namespaces</Filter>
    </ClInclude>
    <ClInclude Include="marble.h">
      <Filter>헤더 파일\components</Filter>
    </ClInclude>
    <ClInclude Include="object.h">
      <Filter>헤더 파일\components</Filter>
    </ClInclude>
    <ClInclude Include="console.h">
      <Filter>헤더 파일\frameworks</Filter>
    </ClInclude>
    <ClInclude Include="basic_singleton.h">
      <Filter>헤더 파일\pattern</Filter>
    </ClInclude>
    <ClInclude Include="dynamic_singleton.h">
      <Filter>헤더 파일\pattern</Filter>
    </ClInclude>
    <ClInclude Include="local_static_singleton.h">
      <Filter>헤더 파일\pattern</Filter>
    </ClInclude>
    <ClInclude Include="template_dynamic_singleton.h">
      <Filter>헤더 파일\pattern</Filter>
    </ClInclude>
    <ClInclude Include="marble_control.h">
      <Filter>헤더 파일\controls</Filter>
    </ClInclude>
    <ClInclude Include="temporary.h">
      <Filter>헤더 파일\etc</Filter>
    </ClInclude>
    <ClInclude Include="grid.h">
      <Filter>헤더 파일\components</Filter>
    </ClInclude>
    <ClInclude Include="mathematics.h">
      <Filter>헤더 파일\namespaces</Filter>
    </ClInclude>
    <ClInclude Include="vector2.h">
      <Filter>헤더 파일\mathematics</Filter>
    </ClInclude>
    <ClInclude Include="angle.h">
      <Filter>헤더 파일\mathematics</Filter>
    </ClInclude>
    <ClInclude Include="steering_wheel.h">
      <Filter>헤더 파일\components</Filter>
    </ClInclude>
    <ClInclude Include="steering_wheel_control.h">
      <Filter>헤더 파일\controls</Filter>
    </ClInclude>
    <ClInclude Include="shooted_marble.h">
      <Filter>헤더 파일\components</Filter>
    </ClInclude>
    <ClInclude Include="marble_generator.h">
      <Filter>헤더 파일\controls</Filter>
    </ClInclude>
    <ClInclude Include="dx9_game_engine\texture_manager.h">
      <Filter>헤더 파일\dx9_game_engine</Filter>
    </ClInclude>
    <ClInclude Include="dx9_game_engine\constants.h">
      <Filter>헤더 파일\dx9_game_engine</Filter>
    </ClInclude>
    <ClInclude Include="dx9_game_engine\game.h">
      <Filter>헤더 파일\dx9_game_engine</Filter>
    </ClInclude>
    <ClInclude Include="dx9_game_engine\game_error.h">
      <Filter>헤더 파일\dx9_game_engine</Filter>
    </ClInclude>
    <ClInclude Include="dx9_game_engine\graphics.h">
      <Filter>헤더 파일\dx9_game_engine</Filter>
    </ClInclude>
    <ClInclude Include="dx9_game_engine\image.h">
      <Filter>헤더 파일\dx9_game_engine</Filter>
    </ClInclude>
    <ClInclude Include="dx9_game_engine\input.h">
      <Filter>헤더 파일\dx9_game_engine</Filter>
    </ClInclude>
    <ClInclude Include="dx9_game_engine\spacewar.h">
      <Filter>헤더 파일\dx9_game_engine</Filter>
    </ClInclude>
    <ClInclude Include="scene.h">
      <Filter>헤더 파일\frameworks</Filter>
    </ClInclude>
    <ClInclude Include="control.h">
      <Filter>헤더 파일\controls</Filter>
    </ClInclude>
    <ClInclude Include="cabochon.h">
      <Filter>헤더 파일\dx9_game_engine</Filter>
    </ClInclude>
  </ItemGroup>
  <ItemGroup>
    <ClCompile Include="main.cpp">
      <Filter>소스 파일\frameworks</Filter>
    </ClCompile>
    <ClCompile Include="console.cpp">
      <Filter>소스 파일\frameworks</Filter>
    </ClCompile>
    <ClCompile Include="object.cpp">
      <Filter>소스 파일\components</Filter>
    </ClCompile>
    <ClCompile Include="angle.cpp">
      <Filter>소스 파일\mathematics</Filter>
    </ClCompile>
    <ClCompile Include="marble.cpp">
      <Filter>소스 파일\components</Filter>
    </ClCompile>
    <ClCompile Include="grid.cpp">
      <Filter>소스 파일\components</Filter>
    </ClCompile>
    <ClCompile Include="marble_control.cpp">
      <Filter>소스 파일\controls</Filter>
    </ClCompile>
    <ClCompile Include="steering_wheel_control.cpp">
      <Filter>소스 파일\controls</Filter>
    </ClCompile>
    <ClCompile Include="steering_wheel.cpp">
      <Filter>소스 파일\components</Filter>
    </ClCompile>
    <ClCompile Include="shooted_marble.cpp">
      <Filter>소스 파일\components</Filter>
    </ClCompile>
    <ClCompile Include="marble_generator.cpp">
      <Filter>소스 파일\controls</Filter>
    </ClCompile>
    <ClCompile Include="dx9_game_engine\winmain.cpp">
      <Filter>소스 파일\dx9_game_engine</Filter>
    </ClCompile>
    <ClCompile Include="dx9_game_engine\game.cpp">
      <Filter>소스 파일\dx9_game_engine</Filter>
    </ClCompile>
    <ClCompile Include="dx9_game_engine\graphics.cpp">
      <Filter>소스 파일\dx9_game_engine</Filter>
    </ClCompile>
    <ClCompile Include="dx9_game_engine\image.cpp">
      <Filter>소스 파일\dx9_game_engine</Filter>
    </ClCompile>
    <ClCompile Include="dx9_game_engine\input.cpp">
      <Filter>소스 파일\dx9_game_engine</Filter>
    </ClCompile>
    <ClCompile Include="dx9_game_engine\spacewar.cpp">
      <Filter>소스 파일\dx9_game_engine</Filter>
    </ClCompile>
    <ClCompile Include="dx9_game_engine\texture_manager.cpp">
      <Filter>소스 파일\dx9_game_engine</Filter>
    </ClCompile>
    <ClCompile Include="cabochon.cpp">
      <Filter>소스 파일\dx9_game_engine</Filter>
    </ClCompile>
  </ItemGroup>
</Project>